
Microsoft Visual Studio Solution File, Format Version 12.00
# Visual Studio Version 16
VisualStudioVersion = 16.0.32002.261
MinimumVisualStudioVersion = 10.0.40219.1
Project("{FAE04EC0-301F-11D3-BF4B-00C04F79EFBC}") = "xadrez-console", "xadrez-console\xadrez-console.csproj", "{6403E97D-5F88-4E8B-A747-D576946BDE8C}"
EndProject
Global
	GlobalSection(SolutionConfigurationPlatforms) = preSolution
		Debug|Any CPU = Debug|Any CPU
		Release|Any CPU = Release|Any CPU
	EndGlobalSection
	GlobalSection(ProjectConfigurationPlatforms) = postSolution
		{6403E97D-5F88-4E8B-A747-D576946BDE8C}.Debug|Any CPU.ActiveCfg = Debug|Any CPU
		{6403E97D-5F88-4E8B-A747-D576946BDE8C}.Debug|Any CPU.Build.0 = Debug|Any CPU
		{6403E97D-5F88-4E8B-A747-D576946BDE8C}.Release|Any CPU.ActiveCfg = Release|Any CPU
		{6403E97D-5F88-4E8B-A747-D576946BDE8C}.Release|Any CPU.Build.0 = Release|Any CPU
	EndGlobalSection
	GlobalSection(SolutionProperties) = preSolution
		HideSolutionNode = FALSE
	EndGlobalSection
	GlobalSection(ExtensibilityGlobals) = postSolution
		SolutionGuid = {1A39F745-E1A0-4E59-B02E-4255529A044D}
	EndGlobalSection
EndGlobal
